// !$*UTF8*$!
{
	archiveVersion = 1;
	classes = {
	};
	objectVersion = 46;
	objects = {

/* Begin PBXBuildFile section */
		5559A7F71B610E07005EADAC /* AppDelegate.swift in Sources */ = {isa = PBXBuildFile; fileRef = 5559A7F61B610E07005EADAC /* AppDelegate.swift */; };
		5559A7F91B610E07005EADAC /* ViewController.swift in Sources */ = {isa = PBXBuildFile; fileRef = 5559A7F81B610E07005EADAC /* ViewController.swift */; };
		5559A7FC1B610E07005EADAC /* Main.storyboard in Resources */ = {isa = PBXBuildFile; fileRef = 5559A7FA1B610E07005EADAC /* Main.storyboard */; };
		5559A7FE1B610E07005EADAC /* Images.xcassets in Resources */ = {isa = PBXBuildFile; fileRef = 5559A7FD1B610E07005EADAC /* Images.xcassets */; };
		5559A8011B610E07005EADAC /* LaunchScreen.xib in Resources */ = {isa = PBXBuildFile; fileRef = 5559A7FF1B610E07005EADAC /* LaunchScreen.xib */; };
		5559A80D1B610E07005EADAC /* TipCalculatorTests.swift in Sources */ = {isa = PBXBuildFile; fileRef = 5559A80C1B610E07005EADAC /* TipCalculatorTests.swift */; };
		5559A8201B610E10005EADAC /* InterfaceController.swift in Sources */ = {isa = PBXBuildFile; fileRef = 5559A81F1B610E10005EADAC /* InterfaceController.swift */; };
		5559A8221B610E10005EADAC /* NotificationController.swift in Sources */ = {isa = PBXBuildFile; fileRef = 5559A8211B610E10005EADAC /* NotificationController.swift */; };
		5559A8241B610E10005EADAC /* Images.xcassets in Resources */ = {isa = PBXBuildFile; fileRef = 5559A8231B610E10005EADAC /* Images.xcassets */; };
		5559A8281B610E10005EADAC /* TipCalculator WatchKit App.app in Resources */ = {isa = PBXBuildFile; fileRef = 5559A8271B610E10005EADAC /* TipCalculator WatchKit App.app */; };
		5559A8301B610E11005EADAC /* Interface.storyboard in Resources */ = {isa = PBXBuildFile; fileRef = 5559A82E1B610E11005EADAC /* Interface.storyboard */; };
		5559A8321B610E11005EADAC /* Images.xcassets in Resources */ = {isa = PBXBuildFile; fileRef = 5559A8311B610E11005EADAC /* Images.xcassets */; };
		5559A8351B610E11005EADAC /* TipCalculator WatchKit Extension.appex in Embed App Extensions */ = {isa = PBXBuildFile; fileRef = 5559A81A1B610E10005EADAC /* TipCalculator WatchKit Extension.appex */; settings = {ATTRIBUTES = (RemoveHeadersOnCopy, ); }; };
/* End PBXBuildFile section */

/* Begin PBXContainerItemProxy section */
		5559A8071B610E07005EADAC /* PBXContainerItemProxy */ = {
			isa = PBXContainerItemProxy;
			containerPortal = 5559A7E91B610E06005EADAC /* Project object */;
			proxyType = 1;
			remoteGlobalIDString = 5559A7F01B610E07005EADAC;
			remoteInfo = TipCalculator;
		};
		5559A8291B610E10005EADAC /* PBXContainerItemProxy */ = {
			isa = PBXContainerItemProxy;
			containerPortal = 5559A7E91B610E06005EADAC /* Project object */;
			proxyType = 1;
			remoteGlobalIDString = 5559A8261B610E10005EADAC;
			remoteInfo = "TipCalculator WatchKit App";
		};
		5559A8331B610E11005EADAC /* PBXContainerItemProxy */ = {
			isa = PBXContainerItemProxy;
			containerPortal = 5559A7E91B610E06005EADAC /* Project object */;
			proxyType = 1;
			remoteGlobalIDString = 5559A8191B610E10005EADAC;
			remoteInfo = "TipCalculator WatchKit Extension";
		};
/* End PBXContainerItemProxy section */

/* Begin PBXCopyFilesBuildPhase section */
		5559A83C1B610E11005EADAC /* Embed App Extensions */ = {
			isa = PBXCopyFilesBuildPhase;
			buildActionMask = 2147483647;
			dstPath = "";
			dstSubfolderSpec = 13;
			files = (
				5559A8351B610E11005EADAC /* TipCalculator WatchKit Extension.appex in Embed App Extensions */,
			);
			name = "Embed App Extensions";
			runOnlyForDeploymentPostprocessing = 0;
		};
/* End PBXCopyFilesBuildPhase section */

/* Begin PBXFileReference section */
		5559A7F11B610E07005EADAC /* TipCalculator.app */ = {isa = PBXFileReference; explicitFileType = wrapper.application; includeInIndex = 0; path = TipCalculator.app; sourceTree = BUILT_PRODUCTS_DIR; };
		5559A7F51B610E07005EADAC /* Info.plist */ = {isa = PBXFileReference; lastKnownFileType = text.plist.xml; path = Info.plist; sourceTree = "<group>"; };
		5559A7F61B610E07005EADAC /* AppDelegate.swift */ = {isa = PBXFileReference; lastKnownFileType = sourcecode.swift; path = AppDelegate.swift; sourceTree = "<group>"; };
		5559A7F81B610E07005EADAC /* ViewController.swift */ = {isa = PBXFileReference; lastKnownFileType = sourcecode.swift; path = ViewController.swift; sourceTree = "<group>"; };
		5559A7FB1B610E07005EADAC /* Base */ = {isa = PBXFileReference; lastKnownFileType = file.storyboard; name = Base; path = Base.lproj/Main.storyboard; sourceTree = "<group>"; };
		5559A7FD1B610E07005EADAC /* Images.xcassets */ = {isa = PBXFileReference; lastKnownFileType = folder.assetcatalog; path = Images.xcassets; sourceTree = "<group>"; };
		5559A8001B610E07005EADAC /* Base */ = {isa = PBXFileReference; lastKnownFileType = file.xib; name = Base; path = Base.lproj/LaunchScreen.xib; sourceTree = "<group>"; };
		5559A8061B610E07005EADAC /* TipCalculatorTests.xctest */ = {isa = PBXFileReference; explicitFileType = wrapper.cfbundle; includeInIndex = 0; path = TipCalculatorTests.xctest; sourceTree = BUILT_PRODUCTS_DIR; };
		5559A80B1B610E07005EADAC /* Info.plist */ = {isa = PBXFileReference; lastKnownFileType = text.plist.xml; path = Info.plist; sourceTree = "<group>"; };
		5559A80C1B610E07005EADAC /* TipCalculatorTests.swift */ = {isa = PBXFileReference; lastKnownFileType = sourcecode.swift; path = TipCalculatorTests.swift; sourceTree = "<group>"; };
		5559A81A1B610E10005EADAC /* TipCalculator WatchKit Extension.appex */ = {isa = PBXFileReference; explicitFileType = "wrapper.app-extension"; includeInIndex = 0; path = "TipCalculator WatchKit Extension.appex"; sourceTree = BUILT_PRODUCTS_DIR; };
		5559A81D1B610E10005EADAC /* Info.plist */ = {isa = PBXFileReference; lastKnownFileType = text.plist.xml; path = Info.plist; sourceTree = "<group>"; };
		5559A81E1B610E10005EADAC /* PushNotificationPayload.apns */ = {isa = PBXFileReference; lastKnownFileType = text; path = PushNotificationPayload.apns; sourceTree = "<group>"; };
		5559A81F1B610E10005EADAC /* InterfaceController.swift */ = {isa = PBXFileReference; lastKnownFileType = sourcecode.swift; path = InterfaceController.swift; sourceTree = "<group>"; };
		5559A8211B610E10005EADAC /* NotificationController.swift */ = {isa = PBXFileReference; lastKnownFileType = sourcecode.swift; path = NotificationController.swift; sourceTree = "<group>"; };
		5559A8231B610E10005EADAC /* Images.xcassets */ = {isa = PBXFileReference; lastKnownFileType = folder.assetcatalog; path = Images.xcassets; sourceTree = "<group>"; };
		5559A8271B610E10005EADAC /* TipCalculator WatchKit App.app */ = {isa = PBXFileReference; explicitFileType = wrapper.application; includeInIndex = 0; path = "TipCalculator WatchKit App.app"; sourceTree = BUILT_PRODUCTS_DIR; };
		5559A82D1B610E11005EADAC /* Info.plist */ = {isa = PBXFileReference; lastKnownFileType = text.plist.xml; path = Info.plist; sourceTree = "<group>"; };
		5559A82F1B610E11005EADAC /* Base */ = {isa = PBXFileReference; lastKnownFileType = file.storyboard; name = Base; path = Base.lproj/Interface.storyboard; sourceTree = "<group>"; };
		5559A8311B610E11005EADAC /* Images.xcassets */ = {isa = PBXFileReference; lastKnownFileType = folder.assetcatalog; path = Images.xcassets; sourceTree = "<group>"; };
/* End PBXFileReference section */

/* Begin PBXFrameworksBuildPhase section */
		5559A7EE1B610E07005EADAC /* Frameworks */ = {
			isa = PBXFrameworksBuildPhase;
			buildActionMask = 2147483647;
			files = (
			);
			runOnlyForDeploymentPostprocessing = 0;
		};
		5559A8031B610E07005EADAC /* Frameworks */ = {
			isa = PBXFrameworksBuildPhase;
			buildActionMask = 2147483647;
			files = (
			);
			runOnlyForDeploymentPostprocessing = 0;
		};
		5559A8171B610E10005EADAC /* Frameworks */ = {
			isa = PBXFrameworksBuildPhase;
			buildActionMask = 2147483647;
			files = (
			);
			runOnlyForDeploymentPostprocessing = 0;
		};
/* End PBXFrameworksBuildPhase section */

/* Begin PBXGroup section */
		5559A7E81B610E06005EADAC = {
			isa = PBXGroup;
			children = (
				5559A7F31B610E07005EADAC /* TipCalculator */,
				5559A8091B610E07005EADAC /* TipCalculatorTests */,
				5559A81B1B610E10005EADAC /* TipCalculator WatchKit Extension */,
				5559A82B1B610E10005EADAC /* TipCalculator WatchKit App */,
				5559A7F21B610E07005EADAC /* Products */,
			);
			sourceTree = "<group>";
		};
		5559A7F21B610E07005EADAC /* Products */ = {
			isa = PBXGroup;
			children = (
				5559A7F11B610E07005EADAC /* TipCalculator.app */,
				5559A8061B610E07005EADAC /* TipCalculatorTests.xctest */,
				5559A81A1B610E10005EADAC /* TipCalculator WatchKit Extension.appex */,
				5559A8271B610E10005EADAC /* TipCalculator WatchKit App.app */,
			);
			name = Products;
			sourceTree = "<group>";
		};
		5559A7F31B610E07005EADAC /* TipCalculator */ = {
			isa = PBXGroup;
			children = (
				5559A7F61B610E07005EADAC /* AppDelegate.swift */,
				5559A7F81B610E07005EADAC /* ViewController.swift */,
				5559A7FA1B610E07005EADAC /* Main.storyboard */,
				5559A7FD1B610E07005EADAC /* Images.xcassets */,
				5559A7FF1B610E07005EADAC /* LaunchScreen.xib */,
				5559A7F41B610E07005EADAC /* Supporting Files */,
			);
			path = TipCalculator;
			sourceTree = "<group>";
		};
		5559A7F41B610E07005EADAC /* Supporting Files */ = {
			isa = PBXGroup;
			children = (
				5559A7F51B610E07005EADAC /* Info.plist */,
			);
			name = "Supporting Files";
			sourceTree = "<group>";
		};
		5559A8091B610E07005EADAC /* TipCalculatorTests */ = {
			isa = PBXGroup;
			children = (
				5559A80C1B610E07005EADAC /* TipCalculatorTests.swift */,
				5559A80A1B610E07005EADAC /* Supporting Files */,
			);
			path = TipCalculatorTests;
			sourceTree = "<group>";
		};
		5559A80A1B610E07005EADAC /* Supporting Files */ = {
			isa = PBXGroup;
			children = (
				5559A80B1B610E07005EADAC /* Info.plist */,
			);
			name = "Supporting Files";
			sourceTree = "<group>";
		};
		5559A81B1B610E10005EADAC /* TipCalculator WatchKit Extension */ = {
			isa = PBXGroup;
			children = (
				5559A81F1B610E10005EADAC /* InterfaceController.swift */,
				5559A8211B610E10005EADAC /* NotificationController.swift */,
				5559A8231B610E10005EADAC /* Images.xcassets */,
				5559A81C1B610E10005EADAC /* Supporting Files */,
			);
			path = "TipCalculator WatchKit Extension";
			sourceTree = "<group>";
		};
		5559A81C1B610E10005EADAC /* Supporting Files */ = {
			isa = PBXGroup;
			children = (
				5559A81D1B610E10005EADAC /* Info.plist */,
				5559A81E1B610E10005EADAC /* PushNotificationPayload.apns */,
			);
			name = "Supporting Files";
			sourceTree = "<group>";
		};
		5559A82B1B610E10005EADAC /* TipCalculator WatchKit App */ = {
			isa = PBXGroup;
			children = (
				5559A82E1B610E11005EADAC /* Interface.storyboard */,
				5559A8311B610E11005EADAC /* Images.xcassets */,
				5559A82C1B610E11005EADAC /* Supporting Files */,
			);
			path = "TipCalculator WatchKit App";
			sourceTree = "<group>";
		};
		5559A82C1B610E11005EADAC /* Supporting Files */ = {
			isa = PBXGroup;
			children = (
				5559A82D1B610E11005EADAC /* Info.plist */,
			);
			name = "Supporting Files";
			sourceTree = "<group>";
		};
/* End PBXGroup section */

/* Begin PBXNativeTarget section */
		5559A7F01B610E07005EADAC /* TipCalculator */ = {
			isa = PBXNativeTarget;
			buildConfigurationList = 5559A8101B610E07005EADAC /* Build configuration list for PBXNativeTarget "TipCalculator" */;
			buildPhases = (
				5559A7ED1B610E07005EADAC /* Sources */,
				5559A7EE1B610E07005EADAC /* Frameworks */,
				5559A7EF1B610E07005EADAC /* Resources */,
				5559A83C1B610E11005EADAC /* Embed App Extensions */,
			);
			buildRules = (
			);
			dependencies = (
				5559A8341B610E11005EADAC /* PBXTargetDependency */,
			);
			name = TipCalculator;
			productName = TipCalculator;
			productReference = 5559A7F11B610E07005EADAC /* TipCalculator.app */;
			productType = "com.apple.product-type.application";
		};
		5559A8051B610E07005EADAC /* TipCalculatorTests */ = {
			isa = PBXNativeTarget;
			buildConfigurationList = 5559A8131B610E07005EADAC /* Build configuration list for PBXNativeTarget "TipCalculatorTests" */;
			buildPhases = (
				5559A8021B610E07005EADAC /* Sources */,
				5559A8031B610E07005EADAC /* Frameworks */,
				5559A8041B610E07005EADAC /* Resources */,
			);
			buildRules = (
			);
			dependencies = (
				5559A8081B610E07005EADAC /* PBXTargetDependency */,
			);
			name = TipCalculatorTests;
			productName = TipCalculatorTests;
			productReference = 5559A8061B610E07005EADAC /* TipCalculatorTests.xctest */;
			productType = "com.apple.product-type.bundle.unit-test";
		};
		5559A8191B610E10005EADAC /* TipCalculator WatchKit Extension */ = {
			isa = PBXNativeTarget;
			buildConfigurationList = 5559A8391B610E11005EADAC /* Build configuration list for PBXNativeTarget "TipCalculator WatchKit Extension" */;
			buildPhases = (
				5559A8161B610E10005EADAC /* Sources */,
				5559A8171B610E10005EADAC /* Frameworks */,
				5559A8181B610E10005EADAC /* Resources */,
			);
			buildRules = (
			);
			dependencies = (
				5559A82A1B610E10005EADAC /* PBXTargetDependency */,
			);
			name = "TipCalculator WatchKit Extension";
			productName = "TipCalculator WatchKit Extension";
			productReference = 5559A81A1B610E10005EADAC /* TipCalculator WatchKit Extension.appex */;
			productType = "com.apple.product-type.watchkit-extension";
		};
		5559A8261B610E10005EADAC /* TipCalculator WatchKit App */ = {
			isa = PBXNativeTarget;
			buildConfigurationList = 5559A8361B610E11005EADAC /* Build configuration list for PBXNativeTarget "TipCalculator WatchKit App" */;
			buildPhases = (
				5559A8251B610E10005EADAC /* Resources */,
			);
			buildRules = (
			);
			dependencies = (
			);
			name = "TipCalculator WatchKit App";
			productName = "TipCalculator WatchKit App";
			productReference = 5559A8271B610E10005EADAC /* TipCalculator WatchKit App.app */;
			productType = "com.apple.product-type.application.watchapp";
		};
/* End PBXNativeTarget section */

/* Begin PBXProject section */
		5559A7E91B610E06005EADAC /* Project object */ = {
			isa = PBXProject;
			attributes = {
				LastUpgradeCheck = 0640;
				ORGANIZATIONNAME = "Jernej Mihalic";
				TargetAttributes = {
					5559A7F01B610E07005EADAC = {
						CreatedOnToolsVersion = 6.4;
					};
					5559A8051B610E07005EADAC = {
						CreatedOnToolsVersion = 6.4;
						TestTargetID = 5559A7F01B610E07005EADAC;
					};
					5559A8191B610E10005EADAC = {
						CreatedOnToolsVersion = 6.4;
					};
					5559A8261B610E10005EADAC = {
						CreatedOnToolsVersion = 6.4;
					};
				};
			};
			buildConfigurationList = 5559A7EC1B610E06005EADAC /* Build configuration list for PBXProject "TipCalculator" */;
			compatibilityVersion = "Xcode 3.2";
			developmentRegion = English;
			hasScannedForEncodings = 0;
			knownRegions = (
				en,
				Base,
			);
			mainGroup = 5559A7E81B610E06005EADAC;
			productRefGroup = 5559A7F21B610E07005EADAC /* Products */;
			projectDirPath = "";
			projectRoot = "";
			targets = (
				5559A7F01B610E07005EADAC /* TipCalculator */,
				5559A8051B610E07005EADAC /* TipCalculatorTests */,
				5559A8191B610E10005EADAC /* TipCalculator WatchKit Extension */,
				5559A8261B610E10005EADAC /* TipCalculator WatchKit App */,
			);
		};
/* End PBXProject section */

/* Begin PBXResourcesBuildPhase section */
		5559A7EF1B610E07005EADAC /* Resources */ = {
			isa = PBXResourcesBuildPhase;
			buildActionMask = 2147483647;
			files = (
				5559A7FC1B610E07005EADAC /* Main.storyboard in Resources */,
				5559A8011B610E07005EADAC /* LaunchScreen.xib in Resources */,
				5559A7FE1B610E07005EADAC /* Images.xcassets in Resources */,
			);
			runOnlyForDeploymentPostprocessing = 0;
		};
		5559A8041B610E07005EADAC /* Resources */ = {
			isa = PBXResourcesBuildPhase;
			buildActionMask = 2147483647;
			files = (
			);
			runOnlyForDeploymentPostprocessing = 0;
		};
		5559A8181B610E10005EADAC /* Resources */ = {
			isa = PBXResourcesBuildPhase;
			buildActionMask = 2147483647;
			files = (
				5559A8281B610E10005EADAC /* TipCalculator WatchKit App.app in Resources */,
				5559A8241B610E10005EADAC /* Images.xcassets in Resources */,
			);
			runOnlyForDeploymentPostprocessing = 0;
		};
		5559A8251B610E10005EADAC /* Resources */ = {
			isa = PBXResourcesBuildPhase;
			buildActionMask = 2147483647;
			files = (
				5559A8301B610E11005EADAC /* Interface.storyboard in Resources */,
				5559A8321B610E11005EADAC /* Images.xcassets in Resources */,
			);
			runOnlyForDeploymentPostprocessing = 0;
		};
/* End PBXResourcesBuildPhase section */

/* Begin PBXSourcesBuildPhase section */
		5559A7ED1B610E07005EADAC /* Sources */ = {
			isa = PBXSourcesBuildPhase;
			buildActionMask = 2147483647;
			files = (
				5559A7F91B610E07005EADAC /* ViewController.swift in Sources */,
				5559A7F71B610E07005EADAC /* AppDelegate.swift in Sources */,
			);
			runOnlyForDeploymentPostprocessing = 0;
		};
		5559A8021B610E07005EADAC /* Sources */ = {
			isa = PBXSourcesBuildPhase;
			buildActionMask = 2147483647;
			files = (
				5559A80D1B610E07005EADAC /* TipCalculatorTests.swift in Sources */,
			);
			runOnlyForDeploymentPostprocessing = 0;
		};
		5559A8161B610E10005EADAC /* Sources */ = {
			isa = PBXSourcesBuildPhase;
			buildActionMask = 2147483647;
			files = (
				5559A8221B610E10005EADAC /* NotificationController.swift in Sources */,
				5559A8201B610E10005EADAC /* InterfaceController.swift in Sources */,
			);
			runOnlyForDeploymentPostprocessing = 0;
		};
/* End PBXSourcesBuildPhase section */

/* Begin PBXTargetDependency section */
		5559A8081B610E07005EADAC /* PBXTargetDependency */ = {
			isa = PBXTargetDependency;
			target = 5559A7F01B610E07005EADAC /* TipCalculator */;
			targetProxy = 5559A8071B610E07005EADAC /* PBXContainerItemProxy */;
		};
		5559A82A1B610E10005EADAC /* PBXTargetDependency */ = {
			isa = PBXTargetDependency;
			target = 5559A8261B610E10005EADAC /* TipCalculator WatchKit App */;
			targetProxy = 5559A8291B610E10005EADAC /* PBXContainerItemProxy */;
		};
		5559A8341B610E11005EADAC /* PBXTargetDependency */ = {
			isa = PBXTargetDependency;
			target = 5559A8191B610E10005EADAC /* TipCalculator WatchKit Extension */;
			targetProxy = 5559A8331B610E11005EADAC /* PBXContainerItemProxy */;
		};
/* End PBXTargetDependency section */

/* Begin PBXVariantGroup section */
		5559A7FA1B610E07005EADAC /* Main.storyboard */ = {
			isa = PBXVariantGroup;
			children = (
				5559A7FB1B610E07005EADAC /* Base */,
			);
			name = Main.storyboard;
			sourceTree = "<group>";
		};
		5559A7FF1B610E07005EADAC /* LaunchScreen.xib */ = {
			isa = PBXVariantGroup;
			children = (
				5559A8001B610E07005EADAC /* Base */,
			);
			name = LaunchScreen.xib;
			sourceTree = "<group>";
		};
		5559A82E1B610E11005EADAC /* Interface.storyboard */ = {
			isa = PBXVariantGroup;
			children = (
				5559A82F1B610E11005EADAC /* Base */,
			);
			name = Interface.storyboard;
			sourceTree = "<group>";
		};
/* End PBXVariantGroup section */

/* Begin XCBuildConfiguration section */
		5559A80E1B610E07005EADAC /* Debug */ = {
			isa = XCBuildConfiguration;
			buildSettings = {
				ALWAYS_SEARCH_USER_PATHS = NO;
				CLANG_CXX_LANGUAGE_STANDARD = "gnu++0x";
				CLANG_CXX_LIBRARY = "libc++";
				CLANG_ENABLE_MODULES = YES;
				CLANG_ENABLE_OBJC_ARC = YES;
				CLANG_WARN_BOOL_CONVERSION = YES;
				CLANG_WARN_CONSTANT_CONVERSION = YES;
				CLANG_WARN_DIRECT_OBJC_ISA_USAGE = YES_ERROR;
				CLANG_WARN_EMPTY_BODY = YES;
				CLANG_WARN_ENUM_CONVERSION = YES;
				CLANG_WARN_INT_CONVERSION = YES;
				CLANG_WARN_OBJC_ROOT_CLASS = YES_ERROR;
				CLANG_WARN_UNREACHABLE_CODE = YES;
				CLANG_WARN__DUPLICATE_METHOD_MATCH = YES;
				"CODE_SIGN_IDENTITY[sdk=iphoneos*]" = "iPhone Developer";
				COPY_PHASE_STRIP = NO;
				DEBUG_INFORMATION_FORMAT = "dwarf-with-dsym";
				ENABLE_STRICT_OBJC_MSGSEND = YES;
				GCC_C_LANGUAGE_STANDARD = gnu99;
				GCC_DYNAMIC_NO_PIC = NO;
				GCC_NO_COMMON_BLOCKS = YES;
				GCC_OPTIMIZATION_LEVEL = 0;
				GCC_PREPROCESSOR_DEFINITIONS = (
					"DEBUG=1",
					"$(inherited)",
				);
				GCC_SYMBOLS_PRIVATE_EXTERN = NO;
				GCC_WARN_64_TO_32_BIT_CONVERSION = YES;
				GCC_WARN_ABOUT_RETURN_TYPE = YES_ERROR;
				GCC_WARN_UNDECLARED_SELECTOR = YES;
				GCC_WARN_UNINITIALIZED_AUTOS = YES_AGGRESSIVE;
				GCC_WARN_UNUSED_FUNCTION = YES;
				GCC_WARN_UNUSED_VARIABLE = YES;
				IPHONEOS_DEPLOYMENT_TARGET = 8.4;
				MTL_ENABLE_DEBUG_INFO = YES;
				ONLY_ACTIVE_ARCH = YES;
				SDKROOT = iphoneos;
				SWIFT_OPTIMIZATION_LEVEL = "-Onone";
			};
			name = Debug;
		};
		5559A80F1B610E07005EADAC /* Release */ = {
			isa = XCBuildConfiguration;
			buildSettings = {
				ALWAYS_SEARCH_USER_PATHS = NO;
				CLANG_CXX_LANGUAGE_STANDARD = "gnu++0x";
				CLANG_CXX_LIBRARY = "libc++";
				CLANG_ENABLE_MODULES = YES;
				CLANG_ENABLE_OBJC_ARC = YES;
				CLANG_WARN_BOOL_CONVERSION = YES;
				CLANG_WARN_CONSTANT_CONVERSION = YES;
				CLANG_WARN_DIRECT_OBJC_ISA_USAGE = YES_ERROR;
				CLANG_WARN_EMPTY_BODY = YES;
				CLANG_WARN_ENUM_CONVERSION = YES;
				CLANG_WARN_INT_CONVERSION = YES;
				CLANG_WARN_OBJC_ROOT_CLASS = YES_ERROR;
				CLANG_WARN_UNREACHABLE_CODE = YES;
				CLANG_WARN__DUPLICATE_METHOD_MATCH = YES;
				"CODE_SIGN_IDENTITY[sdk=iphoneos*]" = "iPhone Developer";
				COPY_PHASE_STRIP = NO;
				DEBUG_INFORMATION_FORMAT = "dwarf-with-dsym";
				ENABLE_NS_ASSERTIONS = NO;
				ENABLE_STRICT_OBJC_MSGSEND = YES;
				GCC_C_LANGUAGE_STANDARD = gnu99;
				GCC_NO_COMMON_BLOCKS = YES;
				GCC_WARN_64_TO_32_BIT_CONVERSION = YES;
				GCC_WARN_ABOUT_RETURN_TYPE = YES_ERROR;
				GCC_WARN_UNDECLARED_SELECTOR = YES;
				GCC_WARN_UNINITIALIZED_AUTOS = YES_AGGRESSIVE;
				GCC_WARN_UNUSED_FUNCTION = YES;
				GCC_WARN_UNUSED_VARIABLE = YES;
				IPHONEOS_DEPLOYMENT_TARGET = 8.4;
				MTL_ENABLE_DEBUG_INFO = NO;
				SDKROOT = iphoneos;
				VALIDATE_PRODUCT = YES;
			};
			name = Release;
		};
		5559A8111B610E07005EADAC /* Debug */ = {
			isa = XCBuildConfiguration;
			buildSettings = {
				ASSETCATALOG_COMPILER_APPICON_NAME = AppIcon;
				INFOPLIST_FILE = TipCalculator/Info.plist;
				LD_RUNPATH_SEARCH_PATHS = "$(inherited) @executable_path/Frameworks";
				PRODUCT_NAME = "$(TARGET_NAME)";
			};
			name = Debug;
		};
		5559A8121B610E07005EADAC /* Release */ = {
			isa = XCBuildConfiguration;
			buildSettings = {
				ASSETCATALOG_COMPILER_APPICON_NAME = AppIcon;
				INFOPLIST_FILE = TipCalculator/Info.plist;
				LD_RUNPATH_SEARCH_PATHS = "$(inherited) @executable_path/Frameworks";
				PRODUCT_NAME = "$(TARGET_NAME)";
			};
			name = Release;
		};
		5559A8141B610E07005EADAC /* Debug */ = {
			isa = XCBuildConfiguration;
			buildSettings = {
				BUNDLE_LOADER = "$(TEST_HOST)";
				FRAMEWORK_SEARCH_PATHS = (
					"$(SDKROOT)/Developer/Library/Frameworks",
					"$(inherited)",
				);
				GCC_PREPROCESSOR_DEFINITIONS = (
					"DEBUG=1",
					"$(inherited)",
				);
				INFOPLIST_FILE = TipCalculatorTests/Info.plist;
				LD_RUNPATH_SEARCH_PATHS = "$(inherited) @executable_path/Frameworks @loader_path/Frameworks";
				PRODUCT_NAME = "$(TARGET_NAME)";
				TEST_HOST = "$(BUILT_PRODUCTS_DIR)/TipCalculator.app/TipCalculator";
			};
			name = Debug;
		};
		5559A8151B610E07005EADAC /* Release */ = {
			isa = XCBuildConfiguration;
			buildSettings = {
				BUNDLE_LOADER = "$(TEST_HOST)";
				FRAMEWORK_SEARCH_PATHS = (
					"$(SDKROOT)/Developer/Library/Frameworks",
					"$(inherited)",
				);
				INFOPLIST_FILE = TipCalculatorTests/Info.plist;
				LD_RUNPATH_SEARCH_PATHS = "$(inherited) @executable_path/Frameworks @loader_path/Frameworks";
				PRODUCT_NAME = "$(TARGET_NAME)";
				TEST_HOST = "$(BUILT_PRODUCTS_DIR)/TipCalculator.app/TipCalculator";
			};
			name = Release;
		};
		5559A8371B610E11005EADAC /* Debug */ = {
			isa = XCBuildConfiguration;
			buildSettings = {
				ASSETCATALOG_COMPILER_APPICON_NAME = AppIcon;
				GCC_PREPROCESSOR_DEFINITIONS = (
					"DEBUG=1",
					"$(inherited)",
				);
				IBSC_MODULE = TipCalculator_WatchKit_Extension;
				INFOPLIST_FILE = "TipCalculator WatchKit App/Info.plist";
				IPHONEOS_DEPLOYMENT_TARGET = 8.2;
				PRODUCT_NAME = "$(TARGET_NAME)";
				SKIP_INSTALL = YES;
				TARGETED_DEVICE_FAMILY = 4;
				"TARGETED_DEVICE_FAMILY[sdk=iphonesimulator*]" = "1,4";
			};
			name = Debug;
		};
		5559A8381B610E11005EADAC /* Release */ = {
			isa = XCBuildConfiguration;
			buildSettings = {
				ASSETCATALOG_COMPILER_APPICON_NAME = AppIcon;
				IBSC_MODULE = TipCalculator_WatchKit_Extension;
				INFOPLIST_FILE = "TipCalculator WatchKit App/Info.plist";
				IPHONEOS_DEPLOYMENT_TARGET = 8.2;
				PRODUCT_NAME = "$(TARGET_NAME)";
				SKIP_INSTALL = YES;
				TARGETED_DEVICE_FAMILY = 4;
				"TARGETED_DEVICE_FAMILY[sdk=iphonesimulator*]" = "1,4";
			};
			name = Release;
		};
		5559A83A1B610E11005EADAC /* Debug */ = {
			isa = XCBuildConfiguration;
			buildSettings = {
				GCC_PREPROCESSOR_DEFINITIONS = (
					"DEBUG=1",
					"$(inherited)",
				);
				INFOPLIST_FILE = "TipCalculator WatchKit Extension/Info.plist";
				LD_RUNPATH_SEARCH_PATHS = "$(inherited) @executable_path/Frameworks @executable_path/../../Frameworks";
				PRODUCT_NAME = "${TARGET_NAME}";
				SKIP_INSTALL = YES;
			};
			name = Debug;
		};
		5559A83B1B610E11005EADAC /* Release */ = {
			isa = XCBuildConfiguration;
			buildSettings = {
				INFOPLIST_FILE = "TipCalculator WatchKit Extension/Info.plist";
				LD_RUNPATH_SEARCH_PATHS = "$(inherited) @executable_path/Frameworks @executable_path/../../Frameworks";
				PRODUCT_NAME = "${TARGET_NAME}";
				SKIP_INSTALL = YES;
			};
			name = Release;
		};
/* End XCBuildConfiguration section */

/* Begin XCConfigurationList section */
		5559A7EC1B610E06005EADAC /* Build configuration list for PBXProject "TipCalculator" */ = {
			isa = XCConfigurationList;
			buildConfigurations = (
				5559A80E1B610E07005EADAC /* Debug */,
				5559A80F1B610E07005EADAC /* Release */,
			);
			defaultConfigurationIsVisible = 0;
			defaultConfigurationName = Release;
		};
		5559A8101B610E07005EADAC /* Build configuration list for PBXNativeTarget "TipCalculator" */ = {
			isa = XCConfigurationList;
			buildConfigurations = (
				5559A8111B610E07005EADAC /* Debug */,
				5559A8121B610E07005EADAC /* Release */,
			);
			defaultConfigurationIsVisible = 0;
		};
		5559A8131B610E07005EADAC /* Build configuration list for PBXNativeTarget "TipCalculatorTests" */ = {
			isa = XCConfigurationList;
			buildConfigurations = (
				5559A8141B610E07005EADAC /* Debug */,
				5559A8151B610E07005EADAC /* Release */,
			);
			defaultConfigurationIsVisible = 0;
		};
		5559A8361B610E11005EADAC /* Build configuration list for PBXNativeTarget "TipCalculator WatchKit App" */ = {
			isa = XCConfigurationList;
			buildConfigurations = (
				5559A8371B610E11005EADAC /* Debug */,
				5559A8381B610E11005EADAC /* Release */,
			);
			defaultConfigurationIsVisible = 0;
		};
		5559A8391B610E11005EADAC /* Build configuration list for PBXNativeTarget "TipCalculator WatchKit Extension" */ = {
			isa = XCConfigurationList;
			buildConfigurations = (
				5559A83A1B610E11005EADAC /* Debug */,
				5559A83B1B610E11005EADAC /* Release */,
			);
			defaultConfigurationIsVisible = 0;
		};
/* End XCConfigurationList section */
	};
	rootObject = 5559A7E91B610E06005EADAC /* Project object */;
}
