// !$*UTF8*$!
{
	archiveVersion = 1;
	classes = {
	};
	objectVersion = 46;
	objects = {

/* Begin PBXBuildFile section */
		5559A79D1B60E9D3005EADAC /* AppDelegate.swift in Sources */ = {isa = PBXBuildFile; fileRef = 5559A79C1B60E9D3005EADAC /* AppDelegate.swift */; };
		5559A79F1B60E9D3005EADAC /* ViewController.swift in Sources */ = {isa = PBXBuildFile; fileRef = 5559A79E1B60E9D3005EADAC /* ViewController.swift */; };
		5559A7A21B60E9D3005EADAC /* Main.storyboard in Resources */ = {isa = PBXBuildFile; fileRef = 5559A7A01B60E9D3005EADAC /* Main.storyboard */; };
		5559A7A41B60E9D3005EADAC /* Images.xcassets in Resources */ = {isa = PBXBuildFile; fileRef = 5559A7A31B60E9D3005EADAC /* Images.xcassets */; };
		5559A7A71B60E9D3005EADAC /* LaunchScreen.xib in Resources */ = {isa = PBXBuildFile; fileRef = 5559A7A51B60E9D3005EADAC /* LaunchScreen.xib */; };
		5559A7B31B60E9D3005EADAC /* FingerTopCountTests.swift in Sources */ = {isa = PBXBuildFile; fileRef = 5559A7B21B60E9D3005EADAC /* FingerTopCountTests.swift */; };
/* End PBXBuildFile section */

/* Begin PBXContainerItemProxy section */
		5559A7AD1B60E9D3005EADAC /* PBXContainerItemProxy */ = {
			isa = PBXContainerItemProxy;
			containerPortal = 5559A78F1B60E9D3005EADAC /* Project object */;
			proxyType = 1;
			remoteGlobalIDString = 5559A7961B60E9D3005EADAC;
			remoteInfo = FingerTopCount;
		};
/* End PBXContainerItemProxy section */

/* Begin PBXFileReference section */
		5559A7971B60E9D3005EADAC /* FingerTopCount.app */ = {isa = PBXFileReference; explicitFileType = wrapper.application; includeInIndex = 0; path = FingerTopCount.app; sourceTree = BUILT_PRODUCTS_DIR; };
		5559A79B1B60E9D3005EADAC /* Info.plist */ = {isa = PBXFileReference; lastKnownFileType = text.plist.xml; path = Info.plist; sourceTree = "<group>"; };
		5559A79C1B60E9D3005EADAC /* AppDelegate.swift */ = {isa = PBXFileReference; lastKnownFileType = sourcecode.swift; path = AppDelegate.swift; sourceTree = "<group>"; };
		5559A79E1B60E9D3005EADAC /* ViewController.swift */ = {isa = PBXFileReference; lastKnownFileType = sourcecode.swift; path = ViewController.swift; sourceTree = "<group>"; };
		5559A7A11B60E9D3005EADAC /* Base */ = {isa = PBXFileReference; lastKnownFileType = file.storyboard; name = Base; path = Base.lproj/Main.storyboard; sourceTree = "<group>"; };
		5559A7A31B60E9D3005EADAC /* Images.xcassets */ = {isa = PBXFileReference; lastKnownFileType = folder.assetcatalog; path = Images.xcassets; sourceTree = "<group>"; };
		5559A7A61B60E9D3005EADAC /* Base */ = {isa = PBXFileReference; lastKnownFileType = file.xib; name = Base; path = Base.lproj/LaunchScreen.xib; sourceTree = "<group>"; };
		5559A7AC1B60E9D3005EADAC /* FingerTopCountTests.xctest */ = {isa = PBXFileReference; explicitFileType = wrapper.cfbundle; includeInIndex = 0; path = FingerTopCountTests.xctest; sourceTree = BUILT_PRODUCTS_DIR; };
		5559A7B11B60E9D3005EADAC /* Info.plist */ = {isa = PBXFileReference; lastKnownFileType = text.plist.xml; path = Info.plist; sourceTree = "<group>"; };
		5559A7B21B60E9D3005EADAC /* FingerTopCountTests.swift */ = {isa = PBXFileReference; lastKnownFileType = sourcecode.swift; path = FingerTopCountTests.swift; sourceTree = "<group>"; };
/* End PBXFileReference section */

/* Begin PBXFrameworksBuildPhase section */
		5559A7941B60E9D3005EADAC /* Frameworks */ = {
			isa = PBXFrameworksBuildPhase;
			buildActionMask = 2147483647;
			files = (
			);
			runOnlyForDeploymentPostprocessing = 0;
		};
		5559A7A91B60E9D3005EADAC /* Frameworks */ = {
			isa = PBXFrameworksBuildPhase;
			buildActionMask = 2147483647;
			files = (
			);
			runOnlyForDeploymentPostprocessing = 0;
		};
/* End PBXFrameworksBuildPhase section */

/* Begin PBXGroup section */
		5559A78E1B60E9D3005EADAC = {
			isa = PBXGroup;
			children = (
				5559A7991B60E9D3005EADAC /* FingerTopCount */,
				5559A7AF1B60E9D3005EADAC /* FingerTopCountTests */,
				5559A7981B60E9D3005EADAC /* Products */,
			);
			sourceTree = "<group>";
		};
		5559A7981B60E9D3005EADAC /* Products */ = {
			isa = PBXGroup;
			children = (
				5559A7971B60E9D3005EADAC /* FingerTopCount.app */,
				5559A7AC1B60E9D3005EADAC /* FingerTopCountTests.xctest */,
			);
			name = Products;
			sourceTree = "<group>";
		};
		5559A7991B60E9D3005EADAC /* FingerTopCount */ = {
			isa = PBXGroup;
			children = (
				5559A79C1B60E9D3005EADAC /* AppDelegate.swift */,
				5559A79E1B60E9D3005EADAC /* ViewController.swift */,
				5559A7A01B60E9D3005EADAC /* Main.storyboard */,
				5559A7A31B60E9D3005EADAC /* Images.xcassets */,
				5559A7A51B60E9D3005EADAC /* LaunchScreen.xib */,
				5559A79A1B60E9D3005EADAC /* Supporting Files */,
			);
			path = FingerTopCount;
			sourceTree = "<group>";
		};
		5559A79A1B60E9D3005EADAC /* Supporting Files */ = {
			isa = PBXGroup;
			children = (
				5559A79B1B60E9D3005EADAC /* Info.plist */,
			);
			name = "Supporting Files";
			sourceTree = "<group>";
		};
		5559A7AF1B60E9D3005EADAC /* FingerTopCountTests */ = {
			isa = PBXGroup;
			children = (
				5559A7B21B60E9D3005EADAC /* FingerTopCountTests.swift */,
				5559A7B01B60E9D3005EADAC /* Supporting Files */,
			);
			path = FingerTopCountTests;
			sourceTree = "<group>";
		};
		5559A7B01B60E9D3005EADAC /* Supporting Files */ = {
			isa = PBXGroup;
			children = (
				5559A7B11B60E9D3005EADAC /* Info.plist */,
			);
			name = "Supporting Files";
			sourceTree = "<group>";
		};
/* End PBXGroup section */

/* Begin PBXNativeTarget section */
		5559A7961B60E9D3005EADAC /* FingerTopCount */ = {
			isa = PBXNativeTarget;
			buildConfigurationList = 5559A7B61B60E9D3005EADAC /* Build configuration list for PBXNativeTarget "FingerTopCount" */;
			buildPhases = (
				5559A7931B60E9D3005EADAC /* Sources */,
				5559A7941B60E9D3005EADAC /* Frameworks */,
				5559A7951B60E9D3005EADAC /* Resources */,
			);
			buildRules = (
			);
			dependencies = (
			);
			name = FingerTopCount;
			productName = FingerTopCount;
			productReference = 5559A7971B60E9D3005EADAC /* FingerTopCount.app */;
			productType = "com.apple.product-type.application";
		};
		5559A7AB1B60E9D3005EADAC /* FingerTopCountTests */ = {
			isa = PBXNativeTarget;
			buildConfigurationList = 5559A7B91B60E9D3005EADAC /* Build configuration list for PBXNativeTarget "FingerTopCountTests" */;
			buildPhases = (
				5559A7A81B60E9D3005EADAC /* Sources */,
				5559A7A91B60E9D3005EADAC /* Frameworks */,
				5559A7AA1B60E9D3005EADAC /* Resources */,
			);
			buildRules = (
			);
			dependencies = (
				5559A7AE1B60E9D3005EADAC /* PBXTargetDependency */,
			);
			name = FingerTopCountTests;
			productName = FingerTopCountTests;
			productReference = 5559A7AC1B60E9D3005EADAC /* FingerTopCountTests.xctest */;
			productType = "com.apple.product-type.bundle.unit-test";
		};
/* End PBXNativeTarget section */

/* Begin PBXProject section */
		5559A78F1B60E9D3005EADAC /* Project object */ = {
			isa = PBXProject;
			attributes = {
				LastUpgradeCheck = 0640;
				ORGANIZATIONNAME = "Jernej Mihalic";
				TargetAttributes = {
					5559A7961B60E9D3005EADAC = {
						CreatedOnToolsVersion = 6.4;
					};
					5559A7AB1B60E9D3005EADAC = {
						CreatedOnToolsVersion = 6.4;
						TestTargetID = 5559A7961B60E9D3005EADAC;
					};
				};
			};
			buildConfigurationList = 5559A7921B60E9D3005EADAC /* Build configuration list for PBXProject "FingerTopCount" */;
			compatibilityVersion = "Xcode 3.2";
			developmentRegion = English;
			hasScannedForEncodings = 0;
			knownRegions = (
				en,
				Base,
			);
			mainGroup = 5559A78E1B60E9D3005EADAC;
			productRefGroup = 5559A7981B60E9D3005EADAC /* Products */;
			projectDirPath = "";
			projectRoot = "";
			targets = (
				5559A7961B60E9D3005EADAC /* FingerTopCount */,
				5559A7AB1B60E9D3005EADAC /* FingerTopCountTests */,
			);
		};
/* End PBXProject section */

/* Begin PBXResourcesBuildPhase section */
		5559A7951B60E9D3005EADAC /* Resources */ = {
			isa = PBXResourcesBuildPhase;
			buildActionMask = 2147483647;
			files = (
				5559A7A21B60E9D3005EADAC /* Main.storyboard in Resources */,
				5559A7A71B60E9D3005EADAC /* LaunchScreen.xib in Resources */,
				5559A7A41B60E9D3005EADAC /* Images.xcassets in Resources */,
			);
			runOnlyForDeploymentPostprocessing = 0;
		};
		5559A7AA1B60E9D3005EADAC /* Resources */ = {
			isa = PBXResourcesBuildPhase;
			buildActionMask = 2147483647;
			files = (
			);
			runOnlyForDeploymentPostprocessing = 0;
		};
/* End PBXResourcesBuildPhase section */

/* Begin PBXSourcesBuildPhase section */
		5559A7931B60E9D3005EADAC /* Sources */ = {
			isa = PBXSourcesBuildPhase;
			buildActionMask = 2147483647;
			files = (
				5559A79F1B60E9D3005EADAC /* ViewController.swift in Sources */,
				5559A79D1B60E9D3005EADAC /* AppDelegate.swift in Sources */,
			);
			runOnlyForDeploymentPostprocessing = 0;
		};
		5559A7A81B60E9D3005EADAC /* Sources */ = {
			isa = PBXSourcesBuildPhase;
			buildActionMask = 2147483647;
			files = (
				5559A7B31B60E9D3005EADAC /* FingerTopCountTests.swift in Sources */,
			);
			runOnlyForDeploymentPostprocessing = 0;
		};
/* End PBXSourcesBuildPhase section */

/* Begin PBXTargetDependency section */
		5559A7AE1B60E9D3005EADAC /* PBXTargetDependency */ = {
			isa = PBXTargetDependency;
			target = 5559A7961B60E9D3005EADAC /* FingerTopCount */;
			targetProxy = 5559A7AD1B60E9D3005EADAC /* PBXContainerItemProxy */;
		};
/* End PBXTargetDependency section */

/* Begin PBXVariantGroup section */
		5559A7A01B60E9D3005EADAC /* Main.storyboard */ = {
			isa = PBXVariantGroup;
			children = (
				5559A7A11B60E9D3005EADAC /* Base */,
			);
			name = Main.storyboard;
			sourceTree = "<group>";
		};
		5559A7A51B60E9D3005EADAC /* LaunchScreen.xib */ = {
			isa = PBXVariantGroup;
			children = (
				5559A7A61B60E9D3005EADAC /* Base */,
			);
			name = LaunchScreen.xib;
			sourceTree = "<group>";
		};
/* End PBXVariantGroup section */

/* Begin XCBuildConfiguration section */
		5559A7B41B60E9D3005EADAC /* Debug */ = {
			isa = XCBuildConfiguration;
			buildSettings = {
				ALWAYS_SEARCH_USER_PATHS = NO;
				CLANG_CXX_LANGUAGE_STANDARD = "gnu++0x";
				CLANG_CXX_LIBRARY = "libc++";
				CLANG_ENABLE_MODULES = YES;
				CLANG_ENABLE_OBJC_ARC = YES;
				CLANG_WARN_BOOL_CONVERSION = YES;
				CLANG_WARN_CONSTANT_CONVERSION = YES;
				CLANG_WARN_DIRECT_OBJC_ISA_USAGE = YES_ERROR;
				CLANG_WARN_EMPTY_BODY = YES;
				CLANG_WARN_ENUM_CONVERSION = YES;
				CLANG_WARN_INT_CONVERSION = YES;
				CLANG_WARN_OBJC_ROOT_CLASS = YES_ERROR;
				CLANG_WARN_UNREACHABLE_CODE = YES;
				CLANG_WARN__DUPLICATE_METHOD_MATCH = YES;
				"CODE_SIGN_IDENTITY[sdk=iphoneos*]" = "iPhone Developer";
				COPY_PHASE_STRIP = NO;
				DEBUG_INFORMATION_FORMAT = "dwarf-with-dsym";
				ENABLE_STRICT_OBJC_MSGSEND = YES;
				GCC_C_LANGUAGE_STANDARD = gnu99;
				GCC_DYNAMIC_NO_PIC = NO;
				GCC_NO_COMMON_BLOCKS = YES;
				GCC_OPTIMIZATION_LEVEL = 0;
				GCC_PREPROCESSOR_DEFINITIONS = (
					"DEBUG=1",
					"$(inherited)",
				);
				GCC_SYMBOLS_PRIVATE_EXTERN = NO;
				GCC_WARN_64_TO_32_BIT_CONVERSION = YES;
				GCC_WARN_ABOUT_RETURN_TYPE = YES_ERROR;
				GCC_WARN_UNDECLARED_SELECTOR = YES;
				GCC_WARN_UNINITIALIZED_AUTOS = YES_AGGRESSIVE;
				GCC_WARN_UNUSED_FUNCTION = YES;
				GCC_WARN_UNUSED_VARIABLE = YES;
				IPHONEOS_DEPLOYMENT_TARGET = 8.4;
				MTL_ENABLE_DEBUG_INFO = YES;
				ONLY_ACTIVE_ARCH = YES;
				SDKROOT = iphoneos;
				SWIFT_OPTIMIZATION_LEVEL = "-Onone";
			};
			name = Debug;
		};
		5559A7B51B60E9D3005EADAC /* Release */ = {
			isa = XCBuildConfiguration;
			buildSettings = {
				ALWAYS_SEARCH_USER_PATHS = NO;
				CLANG_CXX_LANGUAGE_STANDARD = "gnu++0x";
				CLANG_CXX_LIBRARY = "libc++";
				CLANG_ENABLE_MODULES = YES;
				CLANG_ENABLE_OBJC_ARC = YES;
				CLANG_WARN_BOOL_CONVERSION = YES;
				CLANG_WARN_CONSTANT_CONVERSION = YES;
				CLANG_WARN_DIRECT_OBJC_ISA_USAGE = YES_ERROR;
				CLANG_WARN_EMPTY_BODY = YES;
				CLANG_WARN_ENUM_CONVERSION = YES;
				CLANG_WARN_INT_CONVERSION = YES;
				CLANG_WARN_OBJC_ROOT_CLASS = YES_ERROR;
				CLANG_WARN_UNREACHABLE_CODE = YES;
				CLANG_WARN__DUPLICATE_METHOD_MATCH = YES;
				"CODE_SIGN_IDENTITY[sdk=iphoneos*]" = "iPhone Developer";
				COPY_PHASE_STRIP = NO;
				DEBUG_INFORMATION_FORMAT = "dwarf-with-dsym";
				ENABLE_NS_ASSERTIONS = NO;
				ENABLE_STRICT_OBJC_MSGSEND = YES;
				GCC_C_LANGUAGE_STANDARD = gnu99;
				GCC_NO_COMMON_BLOCKS = YES;
				GCC_WARN_64_TO_32_BIT_CONVERSION = YES;
				GCC_WARN_ABOUT_RETURN_TYPE = YES_ERROR;
				GCC_WARN_UNDECLARED_SELECTOR = YES;
				GCC_WARN_UNINITIALIZED_AUTOS = YES_AGGRESSIVE;
				GCC_WARN_UNUSED_FUNCTION = YES;
				GCC_WARN_UNUSED_VARIABLE = YES;
				IPHONEOS_DEPLOYMENT_TARGET = 8.4;
				MTL_ENABLE_DEBUG_INFO = NO;
				SDKROOT = iphoneos;
				VALIDATE_PRODUCT = YES;
			};
			name = Release;
		};
		5559A7B71B60E9D3005EADAC /* Debug */ = {
			isa = XCBuildConfiguration;
			buildSettings = {
				ASSETCATALOG_COMPILER_APPICON_NAME = AppIcon;
				INFOPLIST_FILE = FingerTopCount/Info.plist;
				LD_RUNPATH_SEARCH_PATHS = "$(inherited) @executable_path/Frameworks";
				PRODUCT_NAME = "$(TARGET_NAME)";
			};
			name = Debug;
		};
		5559A7B81B60E9D3005EADAC /* Release */ = {
			isa = XCBuildConfiguration;
			buildSettings = {
				ASSETCATALOG_COMPILER_APPICON_NAME = AppIcon;
				INFOPLIST_FILE = FingerTopCount/Info.plist;
				LD_RUNPATH_SEARCH_PATHS = "$(inherited) @executable_path/Frameworks";
				PRODUCT_NAME = "$(TARGET_NAME)";
			};
			name = Release;
		};
		5559A7BA1B60E9D3005EADAC /* Debug */ = {
			isa = XCBuildConfiguration;
			buildSettings = {
				BUNDLE_LOADER = "$(TEST_HOST)";
				FRAMEWORK_SEARCH_PATHS = (
					"$(SDKROOT)/Developer/Library/Frameworks",
					"$(inherited)",
				);
				GCC_PREPROCESSOR_DEFINITIONS = (
					"DEBUG=1",
					"$(inherited)",
				);
				INFOPLIST_FILE = FingerTopCountTests/Info.plist;
				LD_RUNPATH_SEARCH_PATHS = "$(inherited) @executable_path/Frameworks @loader_path/Frameworks";
				PRODUCT_NAME = "$(TARGET_NAME)";
				TEST_HOST = "$(BUILT_PRODUCTS_DIR)/FingerTopCount.app/FingerTopCount";
			};
			name = Debug;
		};
		5559A7BB1B60E9D3005EADAC /* Release */ = {
			isa = XCBuildConfiguration;
			buildSettings = {
				BUNDLE_LOADER = "$(TEST_HOST)";
				FRAMEWORK_SEARCH_PATHS = (
					"$(SDKROOT)/Developer/Library/Frameworks",
					"$(inherited)",
				);
				INFOPLIST_FILE = FingerTopCountTests/Info.plist;
				LD_RUNPATH_SEARCH_PATHS = "$(inherited) @executable_path/Frameworks @loader_path/Frameworks";
				PRODUCT_NAME = "$(TARGET_NAME)";
				TEST_HOST = "$(BUILT_PRODUCTS_DIR)/FingerTopCount.app/FingerTopCount";
			};
			name = Release;
		};
/* End XCBuildConfiguration section */

/* Begin XCConfigurationList section */
		5559A7921B60E9D3005EADAC /* Build configuration list for PBXProject "FingerTopCount" */ = {
			isa = XCConfigurationList;
			buildConfigurations = (
				5559A7B41B60E9D3005EADAC /* Debug */,
				5559A7B51B60E9D3005EADAC /* Release */,
			);
			defaultConfigurationIsVisible = 0;
			defaultConfigurationName = Release;
		};
		5559A7B61B60E9D3005EADAC /* Build configuration list for PBXNativeTarget "FingerTopCount" */ = {
			isa = XCConfigurationList;
			buildConfigurations = (
				5559A7B71B60E9D3005EADAC /* Debug */,
				5559A7B81B60E9D3005EADAC /* Release */,
			);
			defaultConfigurationIsVisible = 0;
		};
		5559A7B91B60E9D3005EADAC /* Build configuration list for PBXNativeTarget "FingerTopCountTests" */ = {
			isa = XCConfigurationList;
			buildConfigurations = (
				5559A7BA1B60E9D3005EADAC /* Debug */,
				5559A7BB1B60E9D3005EADAC /* Release */,
			);
			defaultConfigurationIsVisible = 0;
		};
/* End XCConfigurationList section */
	};
	rootObject = 5559A78F1B60E9D3005EADAC /* Project object */;
}
